
Microsoft Visual Studio Solution File, Format Version 12.00
# Visual Studio Version 17
VisualStudioVersion = 17.11.35303.130
MinimumVisualStudioVersion = 10.0.40219.1
Project("{FAE04EC0-301F-11D3-BF4B-00C04F79EFBC}") = "LB1", "LB1.csproj", "{38D307DC-710E-4B31-90E0-1AB13C1BDBDA}"
EndProject
Global
	GlobalSection(SolutionConfigurationPlatforms) = preSolution
		Debug|Any CPU = Debug|Any CPU
		Release|Any CPU = Release|Any CPU
	EndGlobalSection
	GlobalSection(ProjectConfigurationPlatforms) = postSolution
		{38D307DC-710E-4B31-90E0-1AB13C1BDBDA}.Debug|Any CPU.ActiveCfg = Debug|Any CPU
		{38D307DC-710E-4B31-90E0-1AB13C1BDBDA}.Debug|Any CPU.Build.0 = Debug|Any CPU
		{38D307DC-710E-4B31-90E0-1AB13C1BDBDA}.Release|Any CPU.ActiveCfg = Release|Any CPU
		{38D307DC-710E-4B31-90E0-1AB13C1BDBDA}.Release|Any CPU.Build.0 = Release|Any CPU
	EndGlobalSection
	GlobalSection(SolutionProperties) = preSolution
		HideSolutionNode = FALSE
	EndGlobalSection
	GlobalSection(ExtensibilityGlobals) = postSolution
		SolutionGuid = {E388125A-5CE2-43C2-ACE5-6E06431B01D9}
	EndGlobalSection
EndGlobal
